// !$*UTF8*$!
{
	archiveVersion = 1;
	classes = {
	};
	objectVersion = 55;
	objects = {

/* Begin PBXBuildFile section */
		3E08707A28FEE27E0028915F /* CacheManager.swift in Sources */ = {isa = PBXBuildFile; fileRef = 3E08707928FEE27E0028915F /* CacheManager.swift */; };
		3E08707C28FEE37F0028915F /* WeatherNetworkManager.swift in Sources */ = {isa = PBXBuildFile; fileRef = 3E08707B28FEE37F0028915F /* WeatherNetworkManager.swift */; };
		3E08707F28FEE9D90028915F /* Double+Extensions.swift in Sources */ = {isa = PBXBuildFile; fileRef = 3E08707E28FEE9D90028915F /* Double+Extensions.swift */; };
		3E08708128FEEF980028915F /* WeatherDataFailure.swift in Sources */ = {isa = PBXBuildFile; fileRef = 3E08708028FEEF980028915F /* WeatherDataFailure.swift */; };
		3E08708328FF46C00028915F /* Int+Extensions.swift in Sources */ = {isa = PBXBuildFile; fileRef = 3E08708228FF46C00028915F /* Int+Extensions.swift */; };
		3E9D9CF5290056DC00F242B0 /* WeatherViewController+Extensions.swift in Sources */ = {isa = PBXBuildFile; fileRef = 3E9D9CF4290056DB00F242B0 /* WeatherViewController+Extensions.swift */; };
		3E9D9CF729006BAE00F242B0 /* AddCityViewController.swift in Sources */ = {isa = PBXBuildFile; fileRef = 3E9D9CF629006BAE00F242B0 /* AddCityViewController.swift */; };
		3EFA2EF128F1A948001C66A0 /* AppDelegate.swift in Sources */ = {isa = PBXBuildFile; fileRef = 3EFA2EF028F1A948001C66A0 /* AppDelegate.swift */; };
		3EFA2EF328F1A948001C66A0 /* SceneDelegate.swift in Sources */ = {isa = PBXBuildFile; fileRef = 3EFA2EF228F1A948001C66A0 /* SceneDelegate.swift */; };
		3EFA2EF528F1A948001C66A0 /* WeatherViewController.swift in Sources */ = {isa = PBXBuildFile; fileRef = 3EFA2EF428F1A948001C66A0 /* WeatherViewController.swift */; };
		3EFA2EF828F1A948001C66A0 /* Weather.storyboard in Resources */ = {isa = PBXBuildFile; fileRef = 3EFA2EF628F1A948001C66A0 /* Weather.storyboard */; };
		3EFA2EFA28F1A94F001C66A0 /* Assets.xcassets in Resources */ = {isa = PBXBuildFile; fileRef = 3EFA2EF928F1A94F001C66A0 /* Assets.xcassets */; };
		3EFA2EFD28F1A94F001C66A0 /* LaunchScreen.storyboard in Resources */ = {isa = PBXBuildFile; fileRef = 3EFA2EFB28F1A94F001C66A0 /* LaunchScreen.storyboard */; };
		3EFA2F0528F1CF5C001C66A0 /* DataModels.swift in Sources */ = {isa = PBXBuildFile; fileRef = 3EFA2F0428F1CF5C001C66A0 /* DataModels.swift */; };
		3EFA2F0928F20412001C66A0 /* DataSource.swift in Sources */ = {isa = PBXBuildFile; fileRef = 3EFA2F0828F20412001C66A0 /* DataSource.swift */; };
		DC38FA01A4F8D460A0326564 /* Pods_Weather.framework in Frameworks */ = {isa = PBXBuildFile; fileRef = 7F96EA1CB2E572B9F0FFD982 /* Pods_Weather.framework */; };
/* End PBXBuildFile section */

/* Begin PBXFileReference section */
		3E08707928FEE27E0028915F /* CacheManager.swift */ = {isa = PBXFileReference; lastKnownFileType = sourcecode.swift; path = CacheManager.swift; sourceTree = "<group>"; };
		3E08707B28FEE37F0028915F /* WeatherNetworkManager.swift */ = {isa = PBXFileReference; lastKnownFileType = sourcecode.swift; path = WeatherNetworkManager.swift; sourceTree = "<group>"; };
		3E08707E28FEE9D90028915F /* Double+Extensions.swift */ = {isa = PBXFileReference; lastKnownFileType = sourcecode.swift; path = "Double+Extensions.swift"; sourceTree = "<group>"; };
		3E08708028FEEF980028915F /* WeatherDataFailure.swift */ = {isa = PBXFileReference; lastKnownFileType = sourcecode.swift; path = WeatherDataFailure.swift; sourceTree = "<group>"; };
		3E08708228FF46C00028915F /* Int+Extensions.swift */ = {isa = PBXFileReference; lastKnownFileType = sourcecode.swift; path = "Int+Extensions.swift"; sourceTree = "<group>"; };
		3E9D9CF4290056DB00F242B0 /* WeatherViewController+Extensions.swift */ = {isa = PBXFileReference; lastKnownFileType = sourcecode.swift; path = "WeatherViewController+Extensions.swift"; sourceTree = "<group>"; };
		3E9D9CF629006BAE00F242B0 /* AddCityViewController.swift */ = {isa = PBXFileReference; lastKnownFileType = sourcecode.swift; path = AddCityViewController.swift; sourceTree = "<group>"; };
		3EFA2EED28F1A948001C66A0 /* Weather.app */ = {isa = PBXFileReference; explicitFileType = wrapper.application; includeInIndex = 0; path = Weather.app; sourceTree = BUILT_PRODUCTS_DIR; };
		3EFA2EF028F1A948001C66A0 /* AppDelegate.swift */ = {isa = PBXFileReference; lastKnownFileType = sourcecode.swift; path = AppDelegate.swift; sourceTree = "<group>"; };
		3EFA2EF228F1A948001C66A0 /* SceneDelegate.swift */ = {isa = PBXFileReference; lastKnownFileType = sourcecode.swift; path = SceneDelegate.swift; sourceTree = "<group>"; };
		3EFA2EF428F1A948001C66A0 /* WeatherViewController.swift */ = {isa = PBXFileReference; lastKnownFileType = sourcecode.swift; path = WeatherViewController.swift; sourceTree = "<group>"; };
		3EFA2EF728F1A948001C66A0 /* Base */ = {isa = PBXFileReference; lastKnownFileType = file.storyboard; name = Base; path = Base.lproj/Weather.storyboard; sourceTree = "<group>"; };
		3EFA2EF928F1A94F001C66A0 /* Assets.xcassets */ = {isa = PBXFileReference; lastKnownFileType = folder.assetcatalog; path = Assets.xcassets; sourceTree = "<group>"; };
		3EFA2EFC28F1A94F001C66A0 /* Base */ = {isa = PBXFileReference; lastKnownFileType = file.storyboard; name = Base; path = Base.lproj/LaunchScreen.storyboard; sourceTree = "<group>"; };
		3EFA2EFE28F1A94F001C66A0 /* Info.plist */ = {isa = PBXFileReference; lastKnownFileType = text.plist.xml; path = Info.plist; sourceTree = "<group>"; };
		3EFA2F0428F1CF5C001C66A0 /* DataModels.swift */ = {isa = PBXFileReference; lastKnownFileType = sourcecode.swift; path = DataModels.swift; sourceTree = "<group>"; };
		3EFA2F0828F20412001C66A0 /* DataSource.swift */ = {isa = PBXFileReference; lastKnownFileType = sourcecode.swift; path = DataSource.swift; sourceTree = "<group>"; };
		7F96EA1CB2E572B9F0FFD982 /* Pods_Weather.framework */ = {isa = PBXFileReference; explicitFileType = wrapper.framework; includeInIndex = 0; path = Pods_Weather.framework; sourceTree = BUILT_PRODUCTS_DIR; };
		94561BC62C96CC2D213FEB16 /* Pods-Weather.debug.xcconfig */ = {isa = PBXFileReference; includeInIndex = 1; lastKnownFileType = text.xcconfig; name = "Pods-Weather.debug.xcconfig"; path = "Target Support Files/Pods-Weather/Pods-Weather.debug.xcconfig"; sourceTree = "<group>"; };
		F55AF512BC885A31DFCE643C /* Pods-Weather.release.xcconfig */ = {isa = PBXFileReference; includeInIndex = 1; lastKnownFileType = text.xcconfig; name = "Pods-Weather.release.xcconfig"; path = "Target Support Files/Pods-Weather/Pods-Weather.release.xcconfig"; sourceTree = "<group>"; };
/* End PBXFileReference section */

/* Begin PBXFrameworksBuildPhase section */
		3EFA2EEA28F1A948001C66A0 /* Frameworks */ = {
			isa = PBXFrameworksBuildPhase;
			buildActionMask = 2147483647;
			files = (
				DC38FA01A4F8D460A0326564 /* Pods_Weather.framework in Frameworks */,
			);
			runOnlyForDeploymentPostprocessing = 0;
		};
/* End PBXFrameworksBuildPhase section */

/* Begin PBXGroup section */
		3E08707828FEE2630028915F /* Manager */ = {
			isa = PBXGroup;
			children = (
				3E08707928FEE27E0028915F /* CacheManager.swift */,
				3E08707B28FEE37F0028915F /* WeatherNetworkManager.swift */,
			);
			path = Manager;
			sourceTree = "<group>";
		};
		3E08707D28FEE9C10028915F /* Extensions */ = {
			isa = PBXGroup;
			children = (
				3E08707E28FEE9D90028915F /* Double+Extensions.swift */,
				3E08708228FF46C00028915F /* Int+Extensions.swift */,
				3E9D9CF4290056DB00F242B0 /* WeatherViewController+Extensions.swift */,
			);
			path = Extensions;
			sourceTree = "<group>";
		};
		3E50063128F866290091B1AB /* Model */ = {
			isa = PBXGroup;
			children = (
			);
			path = Model;
			sourceTree = "<group>";
		};
		3EA9E22228F6C4CE002E65E8 /* Model */ = {
			isa = PBXGroup;
			children = (
				3EFA2F0428F1CF5C001C66A0 /* DataModels.swift */,
				3EFA2F0828F20412001C66A0 /* DataSource.swift */,
				3E08708028FEEF980028915F /* WeatherDataFailure.swift */,
			);
			path = Model;
			sourceTree = "<group>";
		};
		3EA9E22328F6C4D9002E65E8 /* View */ = {
			isa = PBXGroup;
			children = (
				3EFA2EF628F1A948001C66A0 /* Weather.storyboard */,
			);
			path = View;
			sourceTree = "<group>";
		};
		3EA9E22428F6C4DF002E65E8 /* Controller */ = {
			isa = PBXGroup;
			children = (
				3EFA2EF428F1A948001C66A0 /* WeatherViewController.swift */,
				3E9D9CF629006BAE00F242B0 /* AddCityViewController.swift */,
			);
			path = Controller;
			sourceTree = "<group>";
		};
		3EA9E22528F6C4EB002E65E8 /* Supporting files */ = {
			isa = PBXGroup;
			children = (
				3EFA2EFE28F1A94F001C66A0 /* Info.plist */,
				3EFA2EF928F1A94F001C66A0 /* Assets.xcassets */,
			);
			path = "Supporting files";
			sourceTree = "<group>";
		};
		3EA9E22628F6C513002E65E8 /* Application */ = {
			isa = PBXGroup;
			children = (
				3E08707D28FEE9C10028915F /* Extensions */,
				3E50063128F866290091B1AB /* Model */,
				3EA9E22828F6C522002E65E8 /* View */,
				3EA9E22928F6C527002E65E8 /* Controller */,
			);
			path = Application;
			sourceTree = "<group>";
		};
		3EA9E22828F6C522002E65E8 /* View */ = {
			isa = PBXGroup;
			children = (
				3EFA2EFB28F1A94F001C66A0 /* LaunchScreen.storyboard */,
			);
			path = View;
			sourceTree = "<group>";
		};
		3EA9E22928F6C527002E65E8 /* Controller */ = {
			isa = PBXGroup;
			children = (
				3EFA2EF028F1A948001C66A0 /* AppDelegate.swift */,
				3EFA2EF228F1A948001C66A0 /* SceneDelegate.swift */,
			);
			path = Controller;
			sourceTree = "<group>";
		};
		3EA9E22A28F6C57D002E65E8 /* Weather */ = {
			isa = PBXGroup;
			children = (
				3E08707828FEE2630028915F /* Manager */,
				3EA9E22228F6C4CE002E65E8 /* Model */,
				3EA9E22328F6C4D9002E65E8 /* View */,
				3EA9E22428F6C4DF002E65E8 /* Controller */,
			);
			path = Weather;
			sourceTree = "<group>";
		};
		3EFA2EE428F1A948001C66A0 = {
			isa = PBXGroup;
			children = (
				3EFA2EEF28F1A948001C66A0 /* Weather */,
				3EFA2EEE28F1A948001C66A0 /* Products */,
				95CDBFB8CA5B3AA4BD40A3DD /* Pods */,
				F495826E794D7EA7C187F04B /* Frameworks */,
			);
			sourceTree = "<group>";
		};
		3EFA2EEE28F1A948001C66A0 /* Products */ = {
			isa = PBXGroup;
			children = (
				3EFA2EED28F1A948001C66A0 /* Weather.app */,
			);
			name = Products;
			sourceTree = "<group>";
		};
		3EFA2EEF28F1A948001C66A0 /* Weather */ = {
			isa = PBXGroup;
			children = (
				3EA9E22628F6C513002E65E8 /* Application */,
				3EA9E22A28F6C57D002E65E8 /* Weather */,
				3EA9E22528F6C4EB002E65E8 /* Supporting files */,
			);
			path = Weather;
			sourceTree = "<group>";
		};
		95CDBFB8CA5B3AA4BD40A3DD /* Pods */ = {
			isa = PBXGroup;
			children = (
				94561BC62C96CC2D213FEB16 /* Pods-Weather.debug.xcconfig */,
				F55AF512BC885A31DFCE643C /* Pods-Weather.release.xcconfig */,
			);
			path = Pods;
			sourceTree = "<group>";
		};
		F495826E794D7EA7C187F04B /* Frameworks */ = {
			isa = PBXGroup;
			children = (
				7F96EA1CB2E572B9F0FFD982 /* Pods_Weather.framework */,
			);
			name = Frameworks;
			sourceTree = "<group>";
		};
/* End PBXGroup section */

/* Begin PBXNativeTarget section */
		3EFA2EEC28F1A948001C66A0 /* Weather */ = {
			isa = PBXNativeTarget;
			buildConfigurationList = 3EFA2F0128F1A94F001C66A0 /* Build configuration list for PBXNativeTarget "Weather" */;
			buildPhases = (
				B55C8BFD9F6354E17066907E /* [CP] Check Pods Manifest.lock */,
				3EFA2EE928F1A948001C66A0 /* Sources */,
				3EFA2EEA28F1A948001C66A0 /* Frameworks */,
				3EFA2EEB28F1A948001C66A0 /* Resources */,
				3E5C30C566AD18B92E1134D8 /* [CP] Embed Pods Frameworks */,
			);
			buildRules = (
			);
			dependencies = (
			);
			name = Weather;
			productName = Weather;
			productReference = 3EFA2EED28F1A948001C66A0 /* Weather.app */;
			productType = "com.apple.product-type.application";
		};
/* End PBXNativeTarget section */

/* Begin PBXProject section */
		3EFA2EE528F1A948001C66A0 /* Project object */ = {
			isa = PBXProject;
			attributes = {
				BuildIndependentTargetsInParallel = 1;
				LastSwiftUpdateCheck = 1340;
				LastUpgradeCheck = 1340;
				TargetAttributes = {
					3EFA2EEC28F1A948001C66A0 = {
						CreatedOnToolsVersion = 13.4.1;
					};
				};
			};
			buildConfigurationList = 3EFA2EE828F1A948001C66A0 /* Build configuration list for PBXProject "Weather" */;
			compatibilityVersion = "Xcode 13.0";
			developmentRegion = en;
			hasScannedForEncodings = 0;
			knownRegions = (
				en,
				Base,
			);
			mainGroup = 3EFA2EE428F1A948001C66A0;
			productRefGroup = 3EFA2EEE28F1A948001C66A0 /* Products */;
			projectDirPath = "";
			projectRoot = "";
			targets = (
				3EFA2EEC28F1A948001C66A0 /* Weather */,
			);
		};
/* End PBXProject section */

/* Begin PBXResourcesBuildPhase section */
		3EFA2EEB28F1A948001C66A0 /* Resources */ = {
			isa = PBXResourcesBuildPhase;
			buildActionMask = 2147483647;
			files = (
				3EFA2EFD28F1A94F001C66A0 /* LaunchScreen.storyboard in Resources */,
				3EFA2EFA28F1A94F001C66A0 /* Assets.xcassets in Resources */,
				3EFA2EF828F1A948001C66A0 /* Weather.storyboard in Resources */,
			);
			runOnlyForDeploymentPostprocessing = 0;
		};
/* End PBXResourcesBuildPhase section */

/* Begin PBXShellScriptBuildPhase section */
		3E5C30C566AD18B92E1134D8 /* [CP] Embed Pods Frameworks */ = {
			isa = PBXShellScriptBuildPhase;
			buildActionMask = 2147483647;
			files = (
			);
			inputFileListPaths = (
				"${PODS_ROOT}/Target Support Files/Pods-Weather/Pods-Weather-frameworks-${CONFIGURATION}-input-files.xcfilelist",
			);
			name = "[CP] Embed Pods Frameworks";
			outputFileListPaths = (
				"${PODS_ROOT}/Target Support Files/Pods-Weather/Pods-Weather-frameworks-${CONFIGURATION}-output-files.xcfilelist",
			);
			runOnlyForDeploymentPostprocessing = 0;
			shellPath = /bin/sh;
			shellScript = "\"${PODS_ROOT}/Target Support Files/Pods-Weather/Pods-Weather-frameworks.sh\"\n";
			showEnvVarsInLog = 0;
		};
		B55C8BFD9F6354E17066907E /* [CP] Check Pods Manifest.lock */ = {
			isa = PBXShellScriptBuildPhase;
			buildActionMask = 2147483647;
			files = (
			);
			inputFileListPaths = (
			);
			inputPaths = (
				"${PODS_PODFILE_DIR_PATH}/Podfile.lock",
				"${PODS_ROOT}/Manifest.lock",
			);
			name = "[CP] Check Pods Manifest.lock";
			outputFileListPaths = (
			);
			outputPaths = (
				"$(DERIVED_FILE_DIR)/Pods-Weather-checkManifestLockResult.txt",
			);
			runOnlyForDeploymentPostprocessing = 0;
			shellPath = /bin/sh;
			shellScript = "diff \"${PODS_PODFILE_DIR_PATH}/Podfile.lock\" \"${PODS_ROOT}/Manifest.lock\" > /dev/null\nif [ $? != 0 ] ; then\n    # print error to STDERR\n    echo \"error: The sandbox is not in sync with the Podfile.lock. Run 'pod install' or update your CocoaPods installation.\" >&2\n    exit 1\nfi\n# This output is used by Xcode 'outputs' to avoid re-running this script phase.\necho \"SUCCESS\" > \"${SCRIPT_OUTPUT_FILE_0}\"\n";
			showEnvVarsInLog = 0;
		};
/* End PBXShellScriptBuildPhase section */

/* Begin PBXSourcesBuildPhase section */
		3EFA2EE928F1A948001C66A0 /* Sources */ = {
			isa = PBXSourcesBuildPhase;
			buildActionMask = 2147483647;
			files = (
				3E08707F28FEE9D90028915F /* Double+Extensions.swift in Sources */,
				3EFA2F0928F20412001C66A0 /* DataSource.swift in Sources */,
				3E08708128FEEF980028915F /* WeatherDataFailure.swift in Sources */,
				3EFA2EF528F1A948001C66A0 /* WeatherViewController.swift in Sources */,
				3EFA2EF128F1A948001C66A0 /* AppDelegate.swift in Sources */,
				3E08707C28FEE37F0028915F /* WeatherNetworkManager.swift in Sources */,
				3E9D9CF5290056DC00F242B0 /* WeatherViewController+Extensions.swift in Sources */,
				3E9D9CF729006BAE00F242B0 /* AddCityViewController.swift in Sources */,
				3EFA2F0528F1CF5C001C66A0 /* DataModels.swift in Sources */,
				3E08707A28FEE27E0028915F /* CacheManager.swift in Sources */,
				3EFA2EF328F1A948001C66A0 /* SceneDelegate.swift in Sources */,
				3E08708328FF46C00028915F /* Int+Extensions.swift in Sources */,
			);
			runOnlyForDeploymentPostprocessing = 0;
		};
/* End PBXSourcesBuildPhase section */

/* Begin PBXVariantGroup section */
		3EFA2EF628F1A948001C66A0 /* Weather.storyboard */ = {
			isa = PBXVariantGroup;
			children = (
				3EFA2EF728F1A948001C66A0 /* Base */,
			);
			name = Weather.storyboard;
			sourceTree = "<group>";
		};
		3EFA2EFB28F1A94F001C66A0 /* LaunchScreen.storyboard */ = {
			isa = PBXVariantGroup;
			children = (
				3EFA2EFC28F1A94F001C66A0 /* Base */,
			);
			name = LaunchScreen.storyboard;
			sourceTree = "<group>";
		};
/* End PBXVariantGroup section */

/* Begin XCBuildConfiguration section */
		3EFA2EFF28F1A94F001C66A0 /* Debug */ = {
			isa = XCBuildConfiguration;
			buildSettings = {
				ALWAYS_SEARCH_USER_PATHS = NO;
				CLANG_ANALYZER_NONNULL = YES;
				CLANG_ANALYZER_NUMBER_OBJECT_CONVERSION = YES_AGGRESSIVE;
				CLANG_CXX_LANGUAGE_STANDARD = "gnu++17";
				CLANG_ENABLE_MODULES = YES;
				CLANG_ENABLE_OBJC_ARC = YES;
				CLANG_ENABLE_OBJC_WEAK = YES;
				CLANG_WARN_BLOCK_CAPTURE_AUTORELEASING = YES;
				CLANG_WARN_BOOL_CONVERSION = YES;
				CLANG_WARN_COMMA = YES;
				CLANG_WARN_CONSTANT_CONVERSION = YES;
				CLANG_WARN_DEPRECATED_OBJC_IMPLEMENTATIONS = YES;
				CLANG_WARN_DIRECT_OBJC_ISA_USAGE = YES_ERROR;
				CLANG_WARN_DOCUMENTATION_COMMENTS = YES;
				CLANG_WARN_EMPTY_BODY = YES;
				CLANG_WARN_ENUM_CONVERSION = YES;
				CLANG_WARN_INFINITE_RECURSION = YES;
				CLANG_WARN_INT_CONVERSION = YES;
				CLANG_WARN_NON_LITERAL_NULL_CONVERSION = YES;
				CLANG_WARN_OBJC_IMPLICIT_RETAIN_SELF = YES;
				CLANG_WARN_OBJC_LITERAL_CONVERSION = YES;
				CLANG_WARN_OBJC_ROOT_CLASS = YES_ERROR;
				CLANG_WARN_QUOTED_INCLUDE_IN_FRAMEWORK_HEADER = YES;
				CLANG_WARN_RANGE_LOOP_ANALYSIS = YES;
				CLANG_WARN_STRICT_PROTOTYPES = YES;
				CLANG_WARN_SUSPICIOUS_MOVE = YES;
				CLANG_WARN_UNGUARDED_AVAILABILITY = YES_AGGRESSIVE;
				CLANG_WARN_UNREACHABLE_CODE = YES;
				CLANG_WARN__DUPLICATE_METHOD_MATCH = YES;
				COPY_PHASE_STRIP = NO;
				DEBUG_INFORMATION_FORMAT = dwarf;
				ENABLE_STRICT_OBJC_MSGSEND = YES;
				ENABLE_TESTABILITY = YES;
				GCC_C_LANGUAGE_STANDARD = gnu11;
				GCC_DYNAMIC_NO_PIC = NO;
				GCC_NO_COMMON_BLOCKS = YES;
				GCC_OPTIMIZATION_LEVEL = 0;
				GCC_PREPROCESSOR_DEFINITIONS = (
					"DEBUG=1",
					"$(inherited)",
				);
				GCC_WARN_64_TO_32_BIT_CONVERSION = YES;
				GCC_WARN_ABOUT_RETURN_TYPE = YES_ERROR;
				GCC_WARN_UNDECLARED_SELECTOR = YES;
				GCC_WARN_UNINITIALIZED_AUTOS = YES_AGGRESSIVE;
				GCC_WARN_UNUSED_FUNCTION = YES;
				GCC_WARN_UNUSED_VARIABLE = YES;
				IPHONEOS_DEPLOYMENT_TARGET = 15.5;
				MTL_ENABLE_DEBUG_INFO = INCLUDE_SOURCE;
				MTL_FAST_MATH = YES;
				ONLY_ACTIVE_ARCH = YES;
				SDKROOT = iphoneos;
				SWIFT_ACTIVE_COMPILATION_CONDITIONS = DEBUG;
				SWIFT_OPTIMIZATION_LEVEL = "-Onone";
			};
			name = Debug;
		};
		3EFA2F0028F1A94F001C66A0 /* Release */ = {
			isa = XCBuildConfiguration;
			buildSettings = {
				ALWAYS_SEARCH_USER_PATHS = NO;
				CLANG_ANALYZER_NONNULL = YES;
				CLANG_ANALYZER_NUMBER_OBJECT_CONVERSION = YES_AGGRESSIVE;
				CLANG_CXX_LANGUAGE_STANDARD = "gnu++17";
				CLANG_ENABLE_MODULES = YES;
				CLANG_ENABLE_OBJC_ARC = YES;
				CLANG_ENABLE_OBJC_WEAK = YES;
				CLANG_WARN_BLOCK_CAPTURE_AUTORELEASING = YES;
				CLANG_WARN_BOOL_CONVERSION = YES;
				CLANG_WARN_COMMA = YES;
				CLANG_WARN_CONSTANT_CONVERSION = YES;
				CLANG_WARN_DEPRECATED_OBJC_IMPLEMENTATIONS = YES;
				CLANG_WARN_DIRECT_OBJC_ISA_USAGE = YES_ERROR;
				CLANG_WARN_DOCUMENTATION_COMMENTS = YES;
				CLANG_WARN_EMPTY_BODY = YES;
				CLANG_WARN_ENUM_CONVERSION = YES;
				CLANG_WARN_INFINITE_RECURSION = YES;
				CLANG_WARN_INT_CONVERSION = YES;
				CLANG_WARN_NON_LITERAL_NULL_CONVERSION = YES;
				CLANG_WARN_OBJC_IMPLICIT_RETAIN_SELF = YES;
				CLANG_WARN_OBJC_LITERAL_CONVERSION = YES;
				CLANG_WARN_OBJC_ROOT_CLASS = YES_ERROR;
				CLANG_WARN_QUOTED_INCLUDE_IN_FRAMEWORK_HEADER = YES;
				CLANG_WARN_RANGE_LOOP_ANALYSIS = YES;
				CLANG_WARN_STRICT_PROTOTYPES = YES;
				CLANG_WARN_SUSPICIOUS_MOVE = YES;
				CLANG_WARN_UNGUARDED_AVAILABILITY = YES_AGGRESSIVE;
				CLANG_WARN_UNREACHABLE_CODE = YES;
				CLANG_WARN__DUPLICATE_METHOD_MATCH = YES;
				COPY_PHASE_STRIP = NO;
				DEBUG_INFORMATION_FORMAT = "dwarf-with-dsym";
				ENABLE_NS_ASSERTIONS = NO;
				ENABLE_STRICT_OBJC_MSGSEND = YES;
				GCC_C_LANGUAGE_STANDARD = gnu11;
				GCC_NO_COMMON_BLOCKS = YES;
				GCC_WARN_64_TO_32_BIT_CONVERSION = YES;
				GCC_WARN_ABOUT_RETURN_TYPE = YES_ERROR;
				GCC_WARN_UNDECLARED_SELECTOR = YES;
				GCC_WARN_UNINITIALIZED_AUTOS = YES_AGGRESSIVE;
				GCC_WARN_UNUSED_FUNCTION = YES;
				GCC_WARN_UNUSED_VARIABLE = YES;
				IPHONEOS_DEPLOYMENT_TARGET = 15.5;
				MTL_ENABLE_DEBUG_INFO = NO;
				MTL_FAST_MATH = YES;
				SDKROOT = iphoneos;
				SWIFT_COMPILATION_MODE = wholemodule;
				SWIFT_OPTIMIZATION_LEVEL = "-O";
				VALIDATE_PRODUCT = YES;
			};
			name = Release;
		};
		3EFA2F0228F1A94F001C66A0 /* Debug */ = {
			isa = XCBuildConfiguration;
			baseConfigurationReference = 94561BC62C96CC2D213FEB16 /* Pods-Weather.debug.xcconfig */;
			buildSettings = {
				ASSETCATALOG_COMPILER_APPICON_NAME = AppIcon;
				ASSETCATALOG_COMPILER_GLOBAL_ACCENT_COLOR_NAME = AccentColor;
				CODE_SIGN_STYLE = Automatic;
				CURRENT_PROJECT_VERSION = 1;
				DEVELOPMENT_TEAM = W53XBDB7TW;
				GENERATE_INFOPLIST_FILE = YES;
				INFOPLIST_FILE = "Weather/Supporting files/Info.plist";
				INFOPLIST_KEY_UIApplicationSupportsIndirectInputEvents = YES;
				INFOPLIST_KEY_UILaunchStoryboardName = LaunchScreen;
				INFOPLIST_KEY_UIMainStoryboardFile = Weather;
				INFOPLIST_KEY_UISupportedInterfaceOrientations = UIInterfaceOrientationPortrait;
				INFOPLIST_KEY_UISupportedInterfaceOrientations_iPad = "UIInterfaceOrientationPortrait UIInterfaceOrientationPortraitUpsideDown UIInterfaceOrientationLandscapeLeft UIInterfaceOrientationLandscapeRight";
				INFOPLIST_KEY_UISupportedInterfaceOrientations_iPhone = "UIInterfaceOrientationPortrait UIInterfaceOrientationLandscapeLeft UIInterfaceOrientationLandscapeRight";
				IPHONEOS_DEPLOYMENT_TARGET = 14.0;
				LD_RUNPATH_SEARCH_PATHS = (
					"$(inherited)",
					"@executable_path/Frameworks",
				);
				MARKETING_VERSION = 1.0;
				PRODUCT_BUNDLE_IDENTIFIER = prostoroff.Weather;
				PRODUCT_NAME = "$(TARGET_NAME)";
				SWIFT_EMIT_LOC_STRINGS = YES;
				SWIFT_VERSION = 5.0;
				TARGETED_DEVICE_FAMILY = 1;
			};
			name = Debug;
		};
		3EFA2F0328F1A94F001C66A0 /* Release */ = {
			isa = XCBuildConfiguration;
			baseConfigurationReference = F55AF512BC885A31DFCE643C /* Pods-Weather.release.xcconfig */;
			buildSettings = {
				ASSETCATALOG_COMPILER_APPICON_NAME = AppIcon;
				ASSETCATALOG_COMPILER_GLOBAL_ACCENT_COLOR_NAME = AccentColor;
				CODE_SIGN_STYLE = Automatic;
				CURRENT_PROJECT_VERSION = 1;
				DEVELOPMENT_TEAM = W53XBDB7TW;
				GENERATE_INFOPLIST_FILE = YES;
				INFOPLIST_FILE = "Weather/Supporting files/Info.plist";
				INFOPLIST_KEY_UIApplicationSupportsIndirectInputEvents = YES;
				INFOPLIST_KEY_UILaunchStoryboardName = LaunchScreen;
				INFOPLIST_KEY_UIMainStoryboardFile = Weather;
				INFOPLIST_KEY_UISupportedInterfaceOrientations = UIInterfaceOrientationPortrait;
				INFOPLIST_KEY_UISupportedInterfaceOrientations_iPad = "UIInterfaceOrientationPortrait UIInterfaceOrientationPortraitUpsideDown UIInterfaceOrientationLandscapeLeft UIInterfaceOrientationLandscapeRight";
				INFOPLIST_KEY_UISupportedInterfaceOrientations_iPhone = "UIInterfaceOrientationPortrait UIInterfaceOrientationLandscapeLeft UIInterfaceOrientationLandscapeRight";
				IPHONEOS_DEPLOYMENT_TARGET = 14.0;
				LD_RUNPATH_SEARCH_PATHS = (
					"$(inherited)",
					"@executable_path/Frameworks",
				);
				MARKETING_VERSION = 1.0;
				PRODUCT_BUNDLE_IDENTIFIER = prostoroff.Weather;
				PRODUCT_NAME = "$(TARGET_NAME)";
				SWIFT_EMIT_LOC_STRINGS = YES;
				SWIFT_VERSION = 5.0;
				TARGETED_DEVICE_FAMILY = 1;
			};
			name = Release;
		};
/* End XCBuildConfiguration section */

/* Begin XCConfigurationList section */
		3EFA2EE828F1A948001C66A0 /* Build configuration list for PBXProject "Weather" */ = {
			isa = XCConfigurationList;
			buildConfigurations = (
				3EFA2EFF28F1A94F001C66A0 /* Debug */,
				3EFA2F0028F1A94F001C66A0 /* Release */,
			);
			defaultConfigurationIsVisible = 0;
			defaultConfigurationName = Release;
		};
		3EFA2F0128F1A94F001C66A0 /* Build configuration list for PBXNativeTarget "Weather" */ = {
			isa = XCConfigurationList;
			buildConfigurations = (
				3EFA2F0228F1A94F001C66A0 /* Debug */,
				3EFA2F0328F1A94F001C66A0 /* Release */,
			);
			defaultConfigurationIsVisible = 0;
			defaultConfigurationName = Release;
		};
/* End XCConfigurationList section */
	};
	rootObject = 3EFA2EE528F1A948001C66A0 /* Project object */;
}
